Microsoft Visual Studio Solution File, Format Version 12.00
# Visual Studio Version 17
VisualStudioVersion = 17.0.31903.59
MinimumVisualStudioVersion = 10.0.40219.1
Project("{FAE04EC0-301F-11D3-BF4B-00C04F79EFBC}") = "OrderService.API", "src\Services\OrderService\OrderService.API\OrderService.API.csproj", "{A1B2C3D4-E5F6-7890-ABCD-EF1234567890}"
EndProject
Project("{FAE04EC0-301F-11D3-BF4B-00C04F79EFBC}") = "OrderService.Application", "src\Services\OrderService\OrderService.Application\OrderService.Application.csproj", "{B2C3D4E5-F6A7-8901-BCDE-F12345678901}"
EndProject
Project("{FAE04EC0-301F-11D3-BF4B-00C04F79EFBC}") = "OrderService.Domain", "src\Services\OrderService\OrderService.Domain\OrderService.Domain.csproj", "{C3D4E5F6-A7B8-9012-CDEF-123456789012}"
EndProject
Project("{FAE04EC0-301F-11D3-BF4B-00C04F79EFBC}") = "OrderService.Infrastructure", "src\Services\OrderService\OrderService.Infrastructure\OrderService.Infrastructure.csproj", "{D4E5F6A7-B8C9-0123-DEF0-123456789013}"
EndProject
Project("{FAE04EC0-301F-11D3-BF4B-00C04F79EFBC}") = "InventoryService.API", "src\Services\InventoryService\InventoryService.API\InventoryService.API.csproj", "{E5F6A7B8-C9D0-1234-EF01-123456789014}"
EndProject
Project("{FAE04EC0-301F-11D3-BF4B-00C04F79EFBC}") = "InventoryService.Application", "src\Services\InventoryService\InventoryService.Application\InventoryService.Application.csproj", "{F6A7B8C9-D0E1-2345-F012-123456789015}"
EndProject
Project("{FAE04EC0-301F-11D3-BF4B-00C04F79EFBC}") = "InventoryService.Domain", "src\Services\InventoryService\InventoryService.Domain\InventoryService.Domain.csproj", "{A7B8C9D0-E1F2-3456-0123-123456789016}"
EndProject
Project("{FAE04EC0-301F-11D3-BF4B-00C04F79EFBC}") = "InventoryService.Infrastructure", "src\Services\InventoryService\InventoryService.Infrastructure\InventoryService.Infrastructure.csproj", "{B8C9D0E1-F2A3-4567-1234-123456789017}"
EndProject
Project("{FAE04EC0-301F-11D3-BF4B-00C04F79EFBC}") = "ApiGateway", "src\Gateway\ApiGateway\ApiGateway.csproj", "{C9D0E1F2-A3B4-5678-2345-123456789018}"
EndProject
Project("{FAE04EC0-301F-11D3-BF4B-00C04F79EFBC}") = "WebUI", "src\UI\WebUI\WebUI.csproj", "{D0E1F2A3-B4C5-6789-3456-123456789019}"
EndProject
Project("{FAE04EC0-301F-11D3-BF4B-00C04F79EFBC}") = "Shared", "src\Shared\Shared\Shared.csproj", "{E1F2A3B4-C5D6-7890-4567-123456789020}"
EndProject
Project("{2150E333-8FDC-42A3-9474-1A3956D46DE8}") = "src", "src", "{02EA681E-C7D8-13C7-8484-4AC65E1B71E8}"
EndProject
Project("{2150E333-8FDC-42A3-9474-1A3956D46DE8}") = "Services", "Services", "{37163B76-69B0-4066-AA77-344CE1ED02BF}"
EndProject
Project("{2150E333-8FDC-42A3-9474-1A3956D46DE8}") = "Gateway", "Gateway", "{28C766EC-6133-4671-9E68-9FC66329D71B}"
EndProject
Project("{2150E333-8FDC-42A3-9474-1A3956D46DE8}") = "OrderService", "OrderService", "{EE0344BC-02C9-4D3F-AE41-1DB8B2990976}"
EndProject
Project("{2150E333-8FDC-42A3-9474-1A3956D46DE8}") = "InventoryService", "InventoryService", "{F037E55D-5F3F-4909-87E8-DAD81282EEE3}"
EndProject
Project("{2150E333-8FDC-42A3-9474-1A3956D46DE8}") = "Shared", "Shared", "{93694D7A-5600-404D-95A4-1D6871F48963}"
EndProject
Project("{2150E333-8FDC-42A3-9474-1A3956D46DE8}") = "UI", "UI", "{92B0D56C-A1C1-4CA8-AF8C-5B192DA711B9}"
EndProject
Project("{2150E333-8FDC-42A3-9474-1A3956D46DE8}") = "tests", "tests", "{8E87A7FE-EA93-4BB3-B3FE-1D1657FE83E0}"
EndProject
Project("{2150E333-8FDC-42A3-9474-1A3956D46DE8}") = "Gateway", "Gateway", "{AB61C660-5259-4817-83B3-21570FAF75B2}"
EndProject
Project("{2150E333-8FDC-42A3-9474-1A3956D46DE8}") = "ApiGateway.IntegrationTests", "ApiGateway.IntegrationTests", "{1A953711-D77E-4071-A3B3-083AEF0B68CC}"
EndProject
Project("{FAE04EC0-301F-11D3-BF4B-00C04F79EFBC}") = "ApiGateway.IntegrationTests", "tests\Gateway\ApiGateway.IntegrationTests\ApiGateway.IntegrationTests.csproj", "{F45E9AC1-DE6F-070D-1E15-7B0F1DD0D218}"
EndProject
Project("{2150E333-8FDC-42A3-9474-1A3956D46DE8}") = "UI", "UI", "{CB5C0D59-C6B5-499A-8380-20A3DC22D024}"
EndProject
Project("{2150E333-8FDC-42A3-9474-1A3956D46DE8}") = "Shared.Tests", "Shared.Tests", "{661A2EAD-4965-4FDE-93C1-46A0678E02EF}"
EndProject
Project("{2150E333-8FDC-42A3-9474-1A3956D46DE8}") = "Services", "Services", "{058328F2-100C-4953-8B9B-26F12EA9F93B}"
EndProject
Project("{2150E333-8FDC-42A3-9474-1A3956D46DE8}") = "OrderService.Domain.Tests", "OrderService.Domain.Tests", "{EFD44CA7-1750-4E9E-AF46-04638CA7A05D}"
EndProject
Project("{2150E333-8FDC-42A3-9474-1A3956D46DE8}") = "OrderService.Application.Tests", "OrderService.Application.Tests", "{105F921B-8B38-4EF5-88F1-D20F0EE54705}"
EndProject
Project("{2150E333-8FDC-42A3-9474-1A3956D46DE8}") = "InventoryService.API.IntegrationTests", "InventoryService.API.IntegrationTests", "{D172252A-CD11-4C23-AC39-C29D516FB149}"
EndProject
Project("{2150E333-8FDC-42A3-9474-1A3956D46DE8}") = "OrderService.API.IntegrationTests", "OrderService.API.IntegrationTests", "{6B9D21B9-37C1-46A6-9BAA-AA268947ECE5}"
EndProject
Project("{2150E333-8FDC-42A3-9474-1A3956D46DE8}") = "InventoryService.Application.Tests", "InventoryService.Application.Tests", "{9A88B8F5-5456-4C2F-BB80-2CB4BA1B4352}"
EndProject
Project("{2150E333-8FDC-42A3-9474-1A3956D46DE8}") = "InventoryService.Infrastructure.Tests", "InventoryService.Infrastructure.Tests", "{0ED5BA78-DA79-413A-8011-E41B77646256}"
EndProject
Project("{2150E333-8FDC-42A3-9474-1A3956D46DE8}") = "InventoryService.Domain.Tests", "InventoryService.Domain.Tests", "{6B18D53A-B61E-4AA7-8685-498354B07148}"
EndProject
Project("{2150E333-8FDC-42A3-9474-1A3956D46DE8}") = "OrderService.Infrastructure.Tests", "OrderService.Infrastructure.Tests", "{FED25A61-7C0D-4243-9C0D-AC051AA0F2A7}"
EndProject
Project("{2150E333-8FDC-42A3-9474-1A3956D46DE8}") = "WebUI.Tests", "WebUI.Tests", "{88F363FC-45FB-4CAF-A74B-BE956E2ECBE3}"
EndProject
Project("{FAE04EC0-301F-11D3-BF4B-00C04F79EFBC}") = "WebUI.Tests", "tests\UI\WebUI.Tests\WebUI.Tests.csproj", "{29B4027B-4390-8DA5-C20D-364764C3A689}"
EndProject
Project("{FAE04EC0-301F-11D3-BF4B-00C04F79EFBC}") = "InventoryService.API.IntegrationTests", "tests\Services\InventoryService.API.IntegrationTests\InventoryService.API.IntegrationTests.csproj", "{F73ADAF4-ACC9-5A65-21C7-96D59714B132}"
EndProject
Project("{FAE04EC0-301F-11D3-BF4B-00C04F79EFBC}") = "InventoryService.Application.Tests", "tests\Services\InventoryService.Application.Tests\InventoryService.Application.Tests.csproj", "{89F476C8-301D-B4AE-DD4C-E4A5DCAA6EC8}"
EndProject
Project("{FAE04EC0-301F-11D3-BF4B-00C04F79EFBC}") = "InventoryService.Domain.Tests", "tests\Services\InventoryService.Domain.Tests\InventoryService.Domain.Tests.csproj", "{116A8C67-EF1F-152C-F79E-6A6952DE9DCA}"
EndProject
Project("{FAE04EC0-301F-11D3-BF4B-00C04F79EFBC}") = "InventoryService.Infrastructure.Tests", "tests\Services\InventoryService.Infrastructure.Tests\InventoryService.Infrastructure.Tests.csproj", "{4BD81943-C68E-2EC7-DBC2-B83BCC5E5689}"
EndProject
Project("{FAE04EC0-301F-11D3-BF4B-00C04F79EFBC}") = "OrderService.API.IntegrationTests", "tests\Services\OrderService.API.IntegrationTests\OrderService.API.IntegrationTests.csproj", "{D8759DE9-5693-04AA-7F08-2AC4B33A962E}"
EndProject
Project("{FAE04EC0-301F-11D3-BF4B-00C04F79EFBC}") = "OrderService.Application.Tests", "tests\Services\OrderService.Application.Tests\OrderService.Application.Tests.csproj", "{D82E72BF-0F4A-365B-4F32-5631E8C2B818}"
EndProject
Project("{FAE04EC0-301F-11D3-BF4B-00C04F79EFBC}") = "OrderService.Domain.Tests", "tests\Services\OrderService.Domain.Tests\OrderService.Domain.Tests.csproj", "{5B61CC25-A6B3-F91A-CC45-748D100D23EA}"
EndProject
Project("{FAE04EC0-301F-11D3-BF4B-00C04F79EFBC}") = "OrderService.Infrastructure.Tests", "tests\Services\OrderService.Infrastructure.Tests\OrderService.Infrastructure.Tests.csproj", "{7492C9A6-FE23-61AA-3E1C-276FD87D8609}"
EndProject
Project("{FAE04EC0-301F-11D3-BF4B-00C04F79EFBC}") = "Shared.Tests", "tests\Shared.Tests\Shared.Tests.csproj", "{21EB3E7C-4CB0-42C4-937E-21323A1A53C3}"
EndProject
Global
	GlobalSection(SolutionConfigurationPlatforms) = preSolution
		Debug|Any CPU = Debug|Any CPU
		Release|Any CPU = Release|Any CPU
	EndGlobalSection
	GlobalSection(ProjectConfigurationPlatforms) = postSolution
		{A1B2C3D4-E5F6-7890-ABCD-EF1234567890}.Debug|Any CPU.ActiveCfg = Debug|Any CPU
		{A1B2C3D4-E5F6-7890-ABCD-EF1234567890}.Debug|Any CPU.Build.0 = Debug|Any CPU
		{A1B2C3D4-E5F6-7890-ABCD-EF1234567890}.Release|Any CPU.ActiveCfg = Release|Any CPU
		{A1B2C3D4-E5F6-7890-ABCD-EF1234567890}.Release|Any CPU.Build.0 = Release|Any CPU
		{B2C3D4E5-F6A7-8901-BCDE-F12345678901}.Debug|Any CPU.ActiveCfg = Debug|Any CPU
		{B2C3D4E5-F6A7-8901-BCDE-F12345678901}.Debug|Any CPU.Build.0 = Debug|Any CPU
		{B2C3D4E5-F6A7-8901-BCDE-F12345678901}.Release|Any CPU.ActiveCfg = Release|Any CPU
		{B2C3D4E5-F6A7-8901-BCDE-F12345678901}.Release|Any CPU.Build.0 = Release|Any CPU
		{C3D4E5F6-A7B8-9012-CDEF-123456789012}.Debug|Any CPU.ActiveCfg = Debug|Any CPU
		{C3D4E5F6-A7B8-9012-CDEF-123456789012}.Debug|Any CPU.Build.0 = Debug|Any CPU
		{C3D4E5F6-A7B8-9012-CDEF-123456789012}.Release|Any CPU.ActiveCfg = Release|Any CPU
		{C3D4E5F6-A7B8-9012-CDEF-123456789012}.Release|Any CPU.Build.0 = Release|Any CPU
		{D4E5F6A7-B8C9-0123-DEF0-123456789013}.Debug|Any CPU.ActiveCfg = Debug|Any CPU
		{D4E5F6A7-B8C9-0123-DEF0-123456789013}.Debug|Any CPU.Build.0 = Debug|Any CPU
		{D4E5F6A7-B8C9-0123-DEF0-123456789013}.Release|Any CPU.ActiveCfg = Release|Any CPU
		{D4E5F6A7-B8C9-0123-DEF0-123456789013}.Release|Any CPU.Build.0 = Release|Any CPU
		{E5F6A7B8-C9D0-1234-EF01-123456789014}.Debug|Any CPU.ActiveCfg = Debug|Any CPU
		{E5F6A7B8-C9D0-1234-EF01-123456789014}.Debug|Any CPU.Build.0 = Debug|Any CPU
		{E5F6A7B8-C9D0-1234-EF01-123456789014}.Release|Any CPU.ActiveCfg = Release|Any CPU
		{E5F6A7B8-C9D0-1234-EF01-123456789014}.Release|Any CPU.Build.0 = Release|Any CPU
		{F6A7B8C9-D0E1-2345-F012-123456789015}.Debug|Any CPU.ActiveCfg = Debug|Any CPU
		{F6A7B8C9-D0E1-2345-F012-123456789015}.Debug|Any CPU.Build.0 = Debug|Any CPU
		{F6A7B8C9-D0E1-2345-F012-123456789015}.Release|Any CPU.ActiveCfg = Release|Any CPU
		{F6A7B8C9-D0E1-2345-F012-123456789015}.Release|Any CPU.Build.0 = Release|Any CPU
		{A7B8C9D0-E1F2-3456-0123-123456789016}.Debug|Any CPU.ActiveCfg = Debug|Any CPU
		{A7B8C9D0-E1F2-3456-0123-123456789016}.Debug|Any CPU.Build.0 = Debug|Any CPU
		{A7B8C9D0-E1F2-3456-0123-123456789016}.Release|Any CPU.ActiveCfg = Release|Any CPU
		{A7B8C9D0-E1F2-3456-0123-123456789016}.Release|Any CPU.Build.0 = Release|Any CPU
		{B8C9D0E1-F2A3-4567-1234-123456789017}.Debug|Any CPU.ActiveCfg = Debug|Any CPU
		{B8C9D0E1-F2A3-4567-1234-123456789017}.Debug|Any CPU.Build.0 = Debug|Any CPU
		{B8C9D0E1-F2A3-4567-1234-123456789017}.Release|Any CPU.ActiveCfg = Release|Any CPU
		{B8C9D0E1-F2A3-4567-1234-123456789017}.Release|Any CPU.Build.0 = Release|Any CPU
		{C9D0E1F2-A3B4-5678-2345-123456789018}.Debug|Any CPU.ActiveCfg = Debug|Any CPU
		{C9D0E1F2-A3B4-5678-2345-123456789018}.Debug|Any CPU.Build.0 = Debug|Any CPU
		{C9D0E1F2-A3B4-5678-2345-123456789018}.Release|Any CPU.ActiveCfg = Release|Any CPU
		{C9D0E1F2-A3B4-5678-2345-123456789018}.Release|Any CPU.Build.0 = Release|Any CPU
		{D0E1F2A3-B4C5-6789-3456-123456789019}.Debug|Any CPU.ActiveCfg = Debug|Any CPU
		{D0E1F2A3-B4C5-6789-3456-123456789019}.Debug|Any CPU.Build.0 = Debug|Any CPU
		{D0E1F2A3-B4C5-6789-3456-123456789019}.Release|Any CPU.ActiveCfg = Release|Any CPU
		{D0E1F2A3-B4C5-6789-3456-123456789019}.Release|Any CPU.Build.0 = Release|Any CPU
		{E1F2A3B4-C5D6-7890-4567-123456789020}.Debug|Any CPU.ActiveCfg = Debug|Any CPU
		{E1F2A3B4-C5D6-7890-4567-123456789020}.Debug|Any CPU.Build.0 = Debug|Any CPU
		{E1F2A3B4-C5D6-7890-4567-123456789020}.Release|Any CPU.ActiveCfg = Release|Any CPU
		{E1F2A3B4-C5D6-7890-4567-123456789020}.Release|Any CPU.Build.0 = Release|Any CPU
		{F45E9AC1-DE6F-070D-1E15-7B0F1DD0D218}.Debug|Any CPU.ActiveCfg = Debug|Any CPU
		{F45E9AC1-DE6F-070D-1E15-7B0F1DD0D218}.Debug|Any CPU.Build.0 = Debug|Any CPU
		{F45E9AC1-DE6F-070D-1E15-7B0F1DD0D218}.Release|Any CPU.ActiveCfg = Release|Any CPU
		{F45E9AC1-DE6F-070D-1E15-7B0F1DD0D218}.Release|Any CPU.Build.0 = Release|Any CPU
		{29B4027B-4390-8DA5-C20D-364764C3A689}.Debug|Any CPU.ActiveCfg = Debug|Any CPU
		{29B4027B-4390-8DA5-C20D-364764C3A689}.Debug|Any CPU.Build.0 = Debug|Any CPU
		{29B4027B-4390-8DA5-C20D-364764C3A689}.Release|Any CPU.ActiveCfg = Release|Any CPU
		{29B4027B-4390-8DA5-C20D-364764C3A689}.Release|Any CPU.Build.0 = Release|Any CPU
		{F73ADAF4-ACC9-5A65-21C7-96D59714B132}.Debug|Any CPU.ActiveCfg = Debug|Any CPU
		{F73ADAF4-ACC9-5A65-21C7-96D59714B132}.Debug|Any CPU.Build.0 = Debug|Any CPU
		{F73ADAF4-ACC9-5A65-21C7-96D59714B132}.Release|Any CPU.ActiveCfg = Release|Any CPU
		{F73ADAF4-ACC9-5A65-21C7-96D59714B132}.Release|Any CPU.Build.0 = Release|Any CPU
		{89F476C8-301D-B4AE-DD4C-E4A5DCAA6EC8}.Debug|Any CPU.ActiveCfg = Debug|Any CPU
		{89F476C8-301D-B4AE-DD4C-E4A5DCAA6EC8}.Debug|Any CPU.Build.0 = Debug|Any CPU
		{89F476C8-301D-B4AE-DD4C-E4A5DCAA6EC8}.Release|Any CPU.ActiveCfg = Release|Any CPU
		{89F476C8-301D-B4AE-DD4C-E4A5DCAA6EC8}.Release|Any CPU.Build.0 = Release|Any CPU
		{116A8C67-EF1F-152C-F79E-6A6952DE9DCA}.Debug|Any CPU.ActiveCfg = Debug|Any CPU
		{116A8C67-EF1F-152C-F79E-6A6952DE9DCA}.Debug|Any CPU.Build.0 = Debug|Any CPU
		{116A8C67-EF1F-152C-F79E-6A6952DE9DCA}.Release|Any CPU.ActiveCfg = Release|Any CPU
		{116A8C67-EF1F-152C-F79E-6A6952DE9DCA}.Release|Any CPU.Build.0 = Release|Any CPU
		{4BD81943-C68E-2EC7-DBC2-B83BCC5E5689}.Debug|Any CPU.ActiveCfg = Debug|Any CPU
		{4BD81943-C68E-2EC7-DBC2-B83BCC5E5689}.Debug|Any CPU.Build.0 = Debug|Any CPU
		{4BD81943-C68E-2EC7-DBC2-B83BCC5E5689}.Release|Any CPU.ActiveCfg = Release|Any CPU
		{4BD81943-C68E-2EC7-DBC2-B83BCC5E5689}.Release|Any CPU.Build.0 = Release|Any CPU
		{D8759DE9-5693-04AA-7F08-2AC4B33A962E}.Debug|Any CPU.ActiveCfg = Debug|Any CPU
		{D8759DE9-5693-04AA-7F08-2AC4B33A962E}.Debug|Any CPU.Build.0 = Debug|Any CPU
		{D8759DE9-5693-04AA-7F08-2AC4B33A962E}.Release|Any CPU.ActiveCfg = Release|Any CPU
		{D8759DE9-5693-04AA-7F08-2AC4B33A962E}.Release|Any CPU.Build.0 = Release|Any CPU
		{D82E72BF-0F4A-365B-4F32-5631E8C2B818}.Debug|Any CPU.ActiveCfg = Debug|Any CPU
		{D82E72BF-0F4A-365B-4F32-5631E8C2B818}.Debug|Any CPU.Build.0 = Debug|Any CPU
		{D82E72BF-0F4A-365B-4F32-5631E8C2B818}.Release|Any CPU.ActiveCfg = Release|Any CPU
		{D82E72BF-0F4A-365B-4F32-5631E8C2B818}.Release|Any CPU.Build.0 = Release|Any CPU
		{5B61CC25-A6B3-F91A-CC45-748D100D23EA}.Debug|Any CPU.ActiveCfg = Debug|Any CPU
		{5B61CC25-A6B3-F91A-CC45-748D100D23EA}.Debug|Any CPU.Build.0 = Debug|Any CPU
		{5B61CC25-A6B3-F91A-CC45-748D100D23EA}.Release|Any CPU.ActiveCfg = Release|Any CPU
		{5B61CC25-A6B3-F91A-CC45-748D100D23EA}.Release|Any CPU.Build.0 = Release|Any CPU
		{7492C9A6-FE23-61AA-3E1C-276FD87D8609}.Debug|Any CPU.ActiveCfg = Debug|Any CPU
		{7492C9A6-FE23-61AA-3E1C-276FD87D8609}.Debug|Any CPU.Build.0 = Debug|Any CPU
		{7492C9A6-FE23-61AA-3E1C-276FD87D8609}.Release|Any CPU.ActiveCfg = Release|Any CPU
		{7492C9A6-FE23-61AA-3E1C-276FD87D8609}.Release|Any CPU.Build.0 = Release|Any CPU
		{21EB3E7C-4CB0-42C4-937E-21323A1A53C3}.Debug|Any CPU.ActiveCfg = Debug|Any CPU
		{21EB3E7C-4CB0-42C4-937E-21323A1A53C3}.Debug|Any CPU.Build.0 = Debug|Any CPU
		{21EB3E7C-4CB0-42C4-937E-21323A1A53C3}.Release|Any CPU.ActiveCfg = Release|Any CPU
		{21EB3E7C-4CB0-42C4-937E-21323A1A53C3}.Release|Any CPU.Build.0 = Release|Any CPU
	EndGlobalSection
	GlobalSection(SolutionProperties) = preSolution
		HideSolutionNode = FALSE
	EndGlobalSection
	GlobalSection(NestedProjects) = preSolution
		{A1B2C3D4-E5F6-7890-ABCD-EF1234567890} = {EE0344BC-02C9-4D3F-AE41-1DB8B2990976}
		{B2C3D4E5-F6A7-8901-BCDE-F12345678901} = {EE0344BC-02C9-4D3F-AE41-1DB8B2990976}
		{C3D4E5F6-A7B8-9012-CDEF-123456789012} = {EE0344BC-02C9-4D3F-AE41-1DB8B2990976}
		{D4E5F6A7-B8C9-0123-DEF0-123456789013} = {EE0344BC-02C9-4D3F-AE41-1DB8B2990976}
		{E5F6A7B8-C9D0-1234-EF01-123456789014} = {F037E55D-5F3F-4909-87E8-DAD81282EEE3}
		{F6A7B8C9-D0E1-2345-F012-123456789015} = {F037E55D-5F3F-4909-87E8-DAD81282EEE3}
		{A7B8C9D0-E1F2-3456-0123-123456789016} = {F037E55D-5F3F-4909-87E8-DAD81282EEE3}
		{B8C9D0E1-F2A3-4567-1234-123456789017} = {F037E55D-5F3F-4909-87E8-DAD81282EEE3}
		{C9D0E1F2-A3B4-5678-2345-123456789018} = {28C766EC-6133-4671-9E68-9FC66329D71B}
		{D0E1F2A3-B4C5-6789-3456-123456789019} = {92B0D56C-A1C1-4CA8-AF8C-5B192DA711B9}
		{E1F2A3B4-C5D6-7890-4567-123456789020} = {93694D7A-5600-404D-95A4-1D6871F48963}
		{37163B76-69B0-4066-AA77-344CE1ED02BF} = {02EA681E-C7D8-13C7-8484-4AC65E1B71E8}
		{28C766EC-6133-4671-9E68-9FC66329D71B} = {02EA681E-C7D8-13C7-8484-4AC65E1B71E8}
		{EE0344BC-02C9-4D3F-AE41-1DB8B2990976} = {37163B76-69B0-4066-AA77-344CE1ED02BF}
		{F037E55D-5F3F-4909-87E8-DAD81282EEE3} = {37163B76-69B0-4066-AA77-344CE1ED02BF}
		{93694D7A-5600-404D-95A4-1D6871F48963} = {02EA681E-C7D8-13C7-8484-4AC65E1B71E8}
		{92B0D56C-A1C1-4CA8-AF8C-5B192DA711B9} = {02EA681E-C7D8-13C7-8484-4AC65E1B71E8}
		{AB61C660-5259-4817-83B3-21570FAF75B2} = {8E87A7FE-EA93-4BB3-B3FE-1D1657FE83E0}
		{1A953711-D77E-4071-A3B3-083AEF0B68CC} = {AB61C660-5259-4817-83B3-21570FAF75B2}
		{F45E9AC1-DE6F-070D-1E15-7B0F1DD0D218} = {1A953711-D77E-4071-A3B3-083AEF0B68CC}
		{CB5C0D59-C6B5-499A-8380-20A3DC22D024} = {8E87A7FE-EA93-4BB3-B3FE-1D1657FE83E0}
		{661A2EAD-4965-4FDE-93C1-46A0678E02EF} = {8E87A7FE-EA93-4BB3-B3FE-1D1657FE83E0}
		{058328F2-100C-4953-8B9B-26F12EA9F93B} = {8E87A7FE-EA93-4BB3-B3FE-1D1657FE83E0}
		{EFD44CA7-1750-4E9E-AF46-04638CA7A05D} = {058328F2-100C-4953-8B9B-26F12EA9F93B}
		{105F921B-8B38-4EF5-88F1-D20F0EE54705} = {058328F2-100C-4953-8B9B-26F12EA9F93B}
		{D172252A-CD11-4C23-AC39-C29D516FB149} = {058328F2-100C-4953-8B9B-26F12EA9F93B}
		{6B9D21B9-37C1-46A6-9BAA-AA268947ECE5} = {058328F2-100C-4953-8B9B-26F12EA9F93B}
		{9A88B8F5-5456-4C2F-BB80-2CB4BA1B4352} = {058328F2-100C-4953-8B9B-26F12EA9F93B}
		{0ED5BA78-DA79-413A-8011-E41B77646256} = {058328F2-100C-4953-8B9B-26F12EA9F93B}
		{6B18D53A-B61E-4AA7-8685-498354B07148} = {058328F2-100C-4953-8B9B-26F12EA9F93B}
		{FED25A61-7C0D-4243-9C0D-AC051AA0F2A7} = {058328F2-100C-4953-8B9B-26F12EA9F93B}
		{88F363FC-45FB-4CAF-A74B-BE956E2ECBE3} = {CB5C0D59-C6B5-499A-8380-20A3DC22D024}
		{29B4027B-4390-8DA5-C20D-364764C3A689} = {88F363FC-45FB-4CAF-A74B-BE956E2ECBE3}
		{F73ADAF4-ACC9-5A65-21C7-96D59714B132} = {D172252A-CD11-4C23-AC39-C29D516FB149}
		{89F476C8-301D-B4AE-DD4C-E4A5DCAA6EC8} = {9A88B8F5-5456-4C2F-BB80-2CB4BA1B4352}
		{116A8C67-EF1F-152C-F79E-6A6952DE9DCA} = {6B18D53A-B61E-4AA7-8685-498354B07148}
		{4BD81943-C68E-2EC7-DBC2-B83BCC5E5689} = {0ED5BA78-DA79-413A-8011-E41B77646256}
		{D8759DE9-5693-04AA-7F08-2AC4B33A962E} = {6B9D21B9-37C1-46A6-9BAA-AA268947ECE5}
		{D82E72BF-0F4A-365B-4F32-5631E8C2B818} = {105F921B-8B38-4EF5-88F1-D20F0EE54705}
		{5B61CC25-A6B3-F91A-CC45-748D100D23EA} = {EFD44CA7-1750-4E9E-AF46-04638CA7A05D}
		{7492C9A6-FE23-61AA-3E1C-276FD87D8609} = {FED25A61-7C0D-4243-9C0D-AC051AA0F2A7}
		{21EB3E7C-4CB0-42C4-937E-21323A1A53C3} = {661A2EAD-4965-4FDE-93C1-46A0678E02EF}
	EndGlobalSection
	GlobalSection(ExtensibilityGlobals) = postSolution
		SolutionGuid = {51EBDBFE-4EF7-48C9-A404-BA27F2D584B4}
	EndGlobalSection
EndGlobal
